github.com/array2d/kvspace-go v0.1.1-0.20260803065547-95eed23cf74f h1:2hDGZpEPjkynt6d+R/tsEqM5RBXhJiIXoVgRFrCRdaY=
github.com/array2d/kvspace-go v0.1.1-0.20260803065547-95eed23cf74f/go.mod h1:dAQu8esUeKAMIkj6nD0BW+nRJBPmIpzlipbLEDJeLb4=
github.com/gorilla/websocket v1.5.3 h1:saDtZ6Pbx/0u+bgYQ3q96pZgCzfhKXGPqt7kZ72aNNg=
github.com/gorilla/websocket v1.5.3/go.mod h1:YR8l580nyteQvAITg2hZ9XVh4b55+EU/adAjf1fMHhE=
